<?xml version="1.0" encoding="UTF-8" standalone="yes" ?>
<CodeBlocks_project_file>
	<FileVersion major="1" minor="6" />
	<Project>
		<Option title="eev" />
		<Option pch_mode="2" />
		<Option compiler="gcc" />
		<Build>
			<Target title="Debug">
				<Option output="stg/Debug/bin/eev" prefix_auto="1" extension_auto="1" />
				<Option object_output="stg/Debug/obj/" />
				<Option type="1" />
				<Option compiler="gcc" />
				<Compiler>
					<Add option="-Wshadow" />
					<Add option="-Winit-self" />
					<Add option="-Wredundant-decls" />
					<Add option="-Wcast-align" />
					<Add option="-Wundef" />
					<Add option="-Wfloat-equal" />
					<Add option="-Winline" />
					<Add option="-Wunreachable-code" />
					<Add option="-Wmissing-declarations" />
					<Add option="-Wmissing-include-dirs" />
					<Add option="-Wswitch-default" />
					<Add option="-Wzero-as-null-pointer-constant" />
					<Add option="-Wmain" />
					<Add option="-std=c++11" />
					<Add option="-Wextra" />
					<Add option="-Wall" />
					<Add option="-g" />
					<Add option="-Werror" />
				</Compiler>
			</Target>
			<Target title="Release">
				<Option output="stg/Release/bin/eev" prefix_auto="1" extension_auto="1" />
				<Option object_output="stg/Release/obj/" />
				<Option type="0" />
				<Option compiler="gcc" />
				<Compiler>
					<Add option="-O2" />
				</Compiler>
				<Linker>
					<Add option="-s" />
				</Linker>
			</Target>
		</Build>
		<Compiler>
			<Add option="-Wzero-as-null-pointer-constant" />
			<Add option="-std=c++11" />
			<Add option="-Wextra" />
			<Add option="-Wall" />
			<Add directory="inc/" />
			<Add directory="/usr/local/include/" />
		</Compiler>
		<Linker>
			<Add library="sfml-audio" />
			<Add library="sfml-graphics" />
			<Add library="sfml-window" />
			<Add library="sfml-system" />
			<Add library="pugixml" />
			<Add library="GL" />
			<Add directory="/usr/local/lib/" />
		</Linker>
		<Unit filename="inc/core/application.hpp" />
		<Unit filename="inc/core/gettext.hpp" />
		<Unit filename="inc/drawables/arrow.hpp" />
		<Unit filename="inc/drawables/grid.hpp" />
		<Unit filename="inc/drawables/line.hpp" />
		<Unit filename="inc/game/camera.hpp" />
		<Unit filename="inc/game/game.hpp" />
		<Unit filename="inc/nui/button.hpp" />
		<Unit filename="inc/nui/choicebox.hpp" />
		<Unit filename="inc/nui/contextmenu.hpp" />
		<Unit filename="inc/nui/donjon/inter.hpp" />
		<Unit filename="inc/nui/hstacker.hpp" />
		<Unit filename="inc/nui/list.hpp" />
		<Unit filename="inc/nui/object.hpp" />
		<Unit filename="inc/nui/reactimage.hpp" />
		<Unit filename="inc/nui/stacker.hpp" />
		<Unit filename="inc/nui/uicore.hpp" />
		<Unit filename="inc/nui/vstacker.hpp" />
		<Unit filename="inc/player/player.hpp" />
		<Unit filename="inc/resources/holder.hpp" />
		<Unit filename="inc/resources/holder.inl" />
		<Unit filename="inc/resources/identifiers.hpp" />
		<Unit filename="inc/resources/musicplayer.hpp" />
		<Unit filename="inc/resources/soundplayer.hpp" />
		<Unit filename="inc/states/game/donjondesign.hpp" />
		<Unit filename="inc/states/game/game.hpp" />
		<Unit filename="inc/states/game/pause.hpp" />
		<Unit filename="inc/states/identifiers.hpp" />
		<Unit filename="inc/states/loading.hpp" />
		<Unit filename="inc/states/menu/main.hpp" />
		<Unit filename="inc/states/menu/selectworld.hpp" />
		<Unit filename="inc/states/splashscreen.hpp" />
		<Unit filename="inc/states/state.hpp" />
		<Unit filename="inc/states/statestack.hpp" />
		<Unit filename="inc/tools/debug.hpp" />
		<Unit filename="inc/tools/event.hpp" />
		<Unit filename="inc/tools/event.inl" />
		<Unit filename="inc/tools/int.hpp" />
		<Unit filename="inc/tools/math.hpp" />
		<Unit filename="inc/tools/math.inl" />
		<Unit filename="inc/tools/param.hpp" />
		<Unit filename="inc/tools/random.hpp" />
		<Unit filename="inc/tools/time.hpp" />
		<Unit filename="inc/tools/tools.hpp" />
		<Unit filename="inc/world/block.hpp" />
		<Unit filename="inc/world/def.hpp" />
		<Unit filename="inc/world/flat.hpp" />
		<Unit filename="inc/world/fractal.hpp" />
		<Unit filename="inc/world/identifiers.hpp" />
		<Unit filename="inc/world/world.hpp" />
		<Unit filename="inc/world/world.inl" />
		<Unit filename="src/core/application.cpp" />
		<Unit filename="src/core/main.cpp" />
		<Unit filename="src/drawables/arrow.cpp" />
		<Unit filename="src/drawables/grid.cpp" />
		<Unit filename="src/drawables/line.cpp" />
		<Unit filename="src/game/camera.cpp" />
		<Unit filename="src/game/game.cpp" />
		<Unit filename="src/nui/button.cpp" />
		<Unit filename="src/nui/choicebox.cpp" />
		<Unit filename="src/nui/contextmenu.cpp" />
		<Unit filename="src/nui/donjon/inter.cpp" />
		<Unit filename="src/nui/hstacker.cpp" />
		<Unit filename="src/nui/list.cpp" />
		<Unit filename="src/nui/object.cpp" />
		<Unit filename="src/nui/reactimage.cpp" />
		<Unit filename="src/nui/stacker.cpp" />
		<Unit filename="src/nui/uicore.cpp" />
		<Unit filename="src/nui/vstacker.cpp" />
		<Unit filename="src/player/player.cpp" />
		<Unit filename="src/resources/musicplayer.cpp" />
		<Unit filename="src/resources/soundplayer.cpp" />
		<Unit filename="src/states/game/donjondesign.cpp" />
		<Unit filename="src/states/game/game.cpp" />
		<Unit filename="src/states/game/pause.cpp" />
		<Unit filename="src/states/loading.cpp" />
		<Unit filename="src/states/menu/main.cpp" />
		<Unit filename="src/states/menu/selectworld.cpp" />
		<Unit filename="src/states/splashscreen.cpp" />
		<Unit filename="src/states/state.cpp" />
		<Unit filename="src/states/statestack.cpp" />
		<Unit filename="src/world/block.cpp" />
		<Unit filename="src/world/flat.cpp" />
		<Unit filename="src/world/fractal.cpp" />
		<Unit filename="src/world/world.cpp" />
		<Extensions>
			<code_completion />
			<debugger />
			<envvars />
			<DoxyBlocks>
				<comment_style block="0" line="0" />
				<doxyfile_project />
				<doxyfile_build />
				<doxyfile_warnings />
				<doxyfile_output />
				<doxyfile_dot />
				<general />
			</DoxyBlocks>
		</Extensions>
	</Project>
</CodeBlocks_project_file>
